{
    "_readme": [
        "This file locks the dependencies of your project to a known state",
        "Read more about it at https://getcomposer.org/doc/01-basic-usage.md#composer-lock-the-lock-file",
        "This file is @generated automatically"
    ],
    "hash": "3ab4d7e8cfee9b9ea2602526a5ba9e22",
    "content-hash": "e3648fe7787181df8cbf018abe5c2f2d",
    "packages": [
        {
            "name": "mustache/mustache",
            "version": "v2.11.1",
            "source": {
                "type": "git",
                "url": "https://github.com/bobthecow/mustache.php.git",
                "reference": "a3f6d55996dd28b58f3a909d474189a3c1aa693f"
            },
            "dist": {
                "type": "zip",
                "url": "https://api.github.com/repos/bobthecow/mustache.php/zipball/a3f6d55996dd28b58f3a909d474189a3c1aa693f",
                "reference": "a3f6d55996dd28b58f3a909d474189a3c1aa693f",
                "shasum": ""
            },
            "require": {
                "php": ">=5.2.4"
            },
            "require-dev": {
                "friendsofphp/php-cs-fixer": "~1.11",
                "phpunit/phpunit": "~3.7|~4.0|~5.0"
            },
            "type": "library",
            "autoload": {
                "psr-0": {
                    "Mustache": "src/"
                }
            },
            "notification-url": "https://packagist.org/downloads/",
            "license": [
                "MIT"
            ],
            "authors": [
                {
                    "name": "Justin Hileman",
                    "email": "justin@justinhileman.info",
                    "homepage": "http://justinhileman.com"
                }
            ],
            "description": "A Mustache implementation in PHP.",
            "homepage": "https://github.com/bobthecow/mustache.php",
            "keywords": [
                "mustache",
                "templating"
            ],
            "time": "2016-07-31 06:18:27"
        },
        {
            "name": "reinvdwoerd/utils",
            "version": "dev-master",
            "source": {
                "type": "git",
                "url": "https://github.com/reinvdwoerd/php-utils.git",
                "reference": "f756484bf04b1a90a9c8c332e4c196ce22f7dc94"
            },
            "dist": {
                "type": "zip",
                "url": "https://api.github.com/repos/reinvdwoerd/php-utils/zipball/f756484bf04b1a90a9c8c332e4c196ce22f7dc94",
                "reference": "f756484bf04b1a90a9c8c332e4c196ce22f7dc94",
                "shasum": ""
            },
            "type": "library",
            "autoload": {
                "psr-4": {
                    "Utils\\": "."
                }
            },
            "notification-url": "https://packagist.org/downloads/",
            "authors": [
                {
                    "name": "Rein van der Woerd",
                    "email": "reinvanderwoerd@me.com"
                }
            ],
            "time": "2016-11-27 11:23:49"
        },
        {
            "name": "tightenco/collect",
            "version": "v5.3.23",
            "source": {
                "type": "git",
                "url": "https://github.com/tightenco/collect.git",
                "reference": "bd8b80d4c8f7cc61dc150ab2f01a98dca04b0f7c"
            },
            "dist": {
                "type": "zip",
                "url": "https://api.github.com/repos/tightenco/collect/zipball/bd8b80d4c8f7cc61dc150ab2f01a98dca04b0f7c",
                "reference": "bd8b80d4c8f7cc61dc150ab2f01a98dca04b0f7c",
                "shasum": ""
            },
            "require": {
                "php": ">=5.6.4"
            },
            "require-dev": {
                "mockery/mockery": "~0.9.4",
                "phpunit/phpunit": "~4.1"
            },
            "type": "library",
            "autoload": {
                "files": [
                    "src/Illuminate/Support/helpers.php"
                ],
                "psr-4": {
                    "Illuminate\\": "src/Illuminate"
                }
            },
            "notification-url": "https://packagist.org/downloads/",
            "license": [
                "MIT"
            ],
            "authors": [
                {
                    "name": "Taylor Otwell",
                    "email": "taylorotwell@gmail.com"
                }
            ],
            "description": "Collect - Illuminate Collections as a separate package.",
            "keywords": [
                "collection",
                "laravel"
            ],
            "time": "2016-11-18 16:30:02"
        }
    ],
    "packages-dev": [],
    "aliases": [],
    "minimum-stability": "dev",
    "stability-flags": {
        "reinvdwoerd/utils": 20
    },
    "prefer-stable": false,
    "prefer-lowest": false,
    "platform": [],
    "platform-dev": []
}
